
Microsoft Visual Studio Solution File, Format Version 12.00
# Visual Studio 15
VisualStudioVersion = 15.0.28010.2048
MinimumVisualStudioVersion = 10.0.40219.1
Project("{9A19103F-16F7-4668-BE54-9A1E7A4F7556}") = "Expo", "Expo\Expo.csproj", "{D7D6E88D-BFC1-4F92-AFF4-75C64E167214}"
EndProject
Global
	GlobalSection(SolutionConfigurationPlatforms) = preSolution
		Debug|Any CPU = Debug|Any CPU
		Release|Any CPU = Release|Any CPU
	EndGlobalSection
	GlobalSection(ProjectConfigurationPlatforms) = postSolution
		{D7D6E88D-BFC1-4F92-AFF4-75C64E167214}.Debug|Any CPU.ActiveCfg = Debug|Any CPU
		{D7D6E88D-BFC1-4F92-AFF4-75C64E167214}.Debug|Any CPU.Build.0 = Debug|Any CPU
		{D7D6E88D-BFC1-4F92-AFF4-75C64E167214}.Release|Any CPU.ActiveCfg = Release|Any CPU
		{D7D6E88D-BFC1-4F92-AFF4-75C64E167214}.Release|Any CPU.Build.0 = Release|Any CPU
	EndGlobalSection
	GlobalSection(SolutionProperties) = preSolution
		HideSolutionNode = FALSE
	EndGlobalSection
	GlobalSection(ExtensibilityGlobals) = postSolution
		SolutionGuid = {ADC5EDB1-9020-4DBF-888B-934E6B8368DD}
	EndGlobalSection
EndGlobal
